
Microsoft Visual Studio Solution File, Format Version 12.00
# Visual Studio Version 16
VisualStudioVersion = 16.0.29728.190
MinimumVisualStudioVersion = 10.0.40219.1
Project("{FAE04EC0-301F-11D3-BF4B-00C04F79EFBC}") = "TopShelf", "TopShelf\TopShelf.csproj", "{D6330531-7712-4D91-A729-3D5EC90C6FD7}"
EndProject
Global
	GlobalSection(SolutionConfigurationPlatforms) = preSolution
		Debug|Any CPU = Debug|Any CPU
		Release|Any CPU = Release|Any CPU
	EndGlobalSection
	GlobalSection(ProjectConfigurationPlatforms) = postSolution
		{D6330531-7712-4D91-A729-3D5EC90C6FD7}.Debug|Any CPU.ActiveCfg = Debug|Any CPU
		{D6330531-7712-4D91-A729-3D5EC90C6FD7}.Debug|Any CPU.Build.0 = Debug|Any CPU
		{D6330531-7712-4D91-A729-3D5EC90C6FD7}.Release|Any CPU.ActiveCfg = Release|Any CPU
		{D6330531-7712-4D91-A729-3D5EC90C6FD7}.Release|Any CPU.Build.0 = Release|Any CPU
	EndGlobalSection
	GlobalSection(SolutionProperties) = preSolution
		HideSolutionNode = FALSE
	EndGlobalSection
	GlobalSection(ExtensibilityGlobals) = postSolution
		SolutionGuid = {0BDCA779-4DBB-49D0-B0A9-8113D7E0CE1F}
	EndGlobalSection
EndGlobal
